
Microsoft Visual Studio Solution File, Format Version 12.00
# Visual Studio Version 16
VisualStudioVersion = 16.0.30711.63
MinimumVisualStudioVersion = 10.0.40219.1
Project("{FAE04EC0-301F-11D3-BF4B-00C04F79EFBC}") = "visual_hyperinterval", "visual_hyperinterval\visual_hyperinterval.csproj", "{51107BCB-B183-40CE-A1ED-C9F323417B64}"
EndProject
Global
	GlobalSection(SolutionConfigurationPlatforms) = preSolution
		Debug|Any CPU = Debug|Any CPU
		Release|Any CPU = Release|Any CPU
	EndGlobalSection
	GlobalSection(ProjectConfigurationPlatforms) = postSolution
		{51107BCB-B183-40CE-A1ED-C9F323417B64}.Debug|Any CPU.ActiveCfg = Debug|Any CPU
		{51107BCB-B183-40CE-A1ED-C9F323417B64}.Debug|Any CPU.Build.0 = Debug|Any CPU
		{51107BCB-B183-40CE-A1ED-C9F323417B64}.Release|Any CPU.ActiveCfg = Release|Any CPU
		{51107BCB-B183-40CE-A1ED-C9F323417B64}.Release|Any CPU.Build.0 = Release|Any CPU
	EndGlobalSection
	GlobalSection(SolutionProperties) = preSolution
		HideSolutionNode = FALSE
	EndGlobalSection
	GlobalSection(ExtensibilityGlobals) = postSolution
		SolutionGuid = {E2EB74C8-B66B-4337-A2E9-A17A98420130}
	EndGlobalSection
EndGlobal
